
Microsoft Visual Studio Solution File, Format Version 12.00
# Visual Studio Version 17
VisualStudioVersion = 17.2.32516.85
MinimumVisualStudioVersion = 10.0.40219.1
Project("{FAE04EC0-301F-11D3-BF4B-00C04F79EFBC}") = "R.EN", "R.EN\R.EN.csproj", "{BAEBBC0A-177A-4891-8FD9-7BA1202AD462}"
EndProject
Project("{FAE04EC0-301F-11D3-BF4B-00C04F79EFBC}") = "R.LogicaNegocio", "R.LogicaNegocio\R.LogicaNegocio.csproj", "{C9225A02-4D1E-4787-8BC7-FC9D545F2E96}"
EndProject
Project("{FAE04EC0-301F-11D3-BF4B-00C04F79EFBC}") = "R.AccesoDatos", "R.AccesoDatos\R.AccesoDatos.csproj", "{734728CF-DBDC-4434-BB2E-3ED9A3E0FF0F}"
EndProject
Project("{FAE04EC0-301F-11D3-BF4B-00C04F79EFBC}") = "R.UI.AppWebMVC", "R.UI.AppWebMVC\R.UI.AppWebMVC.csproj", "{2EB0A7E9-CAC6-4C50-BC54-D422944E7587}"
EndProject
Global
	GlobalSection(SolutionConfigurationPlatforms) = preSolution
		Debug|Any CPU = Debug|Any CPU
		Release|Any CPU = Release|Any CPU
	EndGlobalSection
	GlobalSection(ProjectConfigurationPlatforms) = postSolution
		{BAEBBC0A-177A-4891-8FD9-7BA1202AD462}.Debug|Any CPU.ActiveCfg = Debug|Any CPU
		{BAEBBC0A-177A-4891-8FD9-7BA1202AD462}.Debug|Any CPU.Build.0 = Debug|Any CPU
		{BAEBBC0A-177A-4891-8FD9-7BA1202AD462}.Release|Any CPU.ActiveCfg = Release|Any CPU
		{BAEBBC0A-177A-4891-8FD9-7BA1202AD462}.Release|Any CPU.Build.0 = Release|Any CPU
		{C9225A02-4D1E-4787-8BC7-FC9D545F2E96}.Debug|Any CPU.ActiveCfg = Debug|Any CPU
		{C9225A02-4D1E-4787-8BC7-FC9D545F2E96}.Debug|Any CPU.Build.0 = Debug|Any CPU
		{C9225A02-4D1E-4787-8BC7-FC9D545F2E96}.Release|Any CPU.ActiveCfg = Release|Any CPU
		{C9225A02-4D1E-4787-8BC7-FC9D545F2E96}.Release|Any CPU.Build.0 = Release|Any CPU
		{734728CF-DBDC-4434-BB2E-3ED9A3E0FF0F}.Debug|Any CPU.ActiveCfg = Debug|Any CPU
		{734728CF-DBDC-4434-BB2E-3ED9A3E0FF0F}.Debug|Any CPU.Build.0 = Debug|Any CPU
		{734728CF-DBDC-4434-BB2E-3ED9A3E0FF0F}.Release|Any CPU.ActiveCfg = Release|Any CPU
		{734728CF-DBDC-4434-BB2E-3ED9A3E0FF0F}.Release|Any CPU.Build.0 = Release|Any CPU
		{2EB0A7E9-CAC6-4C50-BC54-D422944E7587}.Debug|Any CPU.ActiveCfg = Debug|Any CPU
		{2EB0A7E9-CAC6-4C50-BC54-D422944E7587}.Debug|Any CPU.Build.0 = Debug|Any CPU
		{2EB0A7E9-CAC6-4C50-BC54-D422944E7587}.Release|Any CPU.ActiveCfg = Release|Any CPU
		{2EB0A7E9-CAC6-4C50-BC54-D422944E7587}.Release|Any CPU.Build.0 = Release|Any CPU
	EndGlobalSection
	GlobalSection(SolutionProperties) = preSolution
		HideSolutionNode = FALSE
	EndGlobalSection
	GlobalSection(ExtensibilityGlobals) = postSolution
		SolutionGuid = {34AAF995-2523-4460-8B24-E881D048AA0C}
	EndGlobalSection
EndGlobal
